
Microsoft Visual Studio Solution File, Format Version 12.00
# Visual Studio Version 16
VisualStudioVersion = 16.0.34114.132
MinimumVisualStudioVersion = 10.0.40219.1
Project("{9A19103F-16F7-4668-BE54-9A1E7A4F7556}") = "ConsoleApp", "ConsoleApp\ConsoleApp.csproj", "{4ABE5B54-5BA5-45F9-8E16-CA3DB0169DDC}"
EndProject
Project("{9A19103F-16F7-4668-BE54-9A1E7A4F7556}") = "NReco.DependencyInjection", "..\src\NReco.DependencyInjection\NReco.DependencyInjection.csproj", "{2692B605-1539-424E-9AA4-63DB70381CFE}"
EndProject
Project("{9A19103F-16F7-4668-BE54-9A1E7A4F7556}") = "MvcCoreApp", "MvcCoreApp\MvcCoreApp.csproj", "{87FA7C31-C472-4DEE-BF62-75B09E9E39F4}"
EndProject
Global
	GlobalSection(SolutionConfigurationPlatforms) = preSolution
		Debug|Any CPU = Debug|Any CPU
		Release|Any CPU = Release|Any CPU
	EndGlobalSection
	GlobalSection(ProjectConfigurationPlatforms) = postSolution
		{4ABE5B54-5BA5-45F9-8E16-CA3DB0169DDC}.Debug|Any CPU.ActiveCfg = Debug|Any CPU
		{4ABE5B54-5BA5-45F9-8E16-CA3DB0169DDC}.Debug|Any CPU.Build.0 = Debug|Any CPU
		{4ABE5B54-5BA5-45F9-8E16-CA3DB0169DDC}.Release|Any CPU.ActiveCfg = Release|Any CPU
		{4ABE5B54-5BA5-45F9-8E16-CA3DB0169DDC}.Release|Any CPU.Build.0 = Release|Any CPU
		{2692B605-1539-424E-9AA4-63DB70381CFE}.Debug|Any CPU.ActiveCfg = Debug|Any CPU
		{2692B605-1539-424E-9AA4-63DB70381CFE}.Debug|Any CPU.Build.0 = Debug|Any CPU
		{2692B605-1539-424E-9AA4-63DB70381CFE}.Release|Any CPU.ActiveCfg = Release|Any CPU
		{2692B605-1539-424E-9AA4-63DB70381CFE}.Release|Any CPU.Build.0 = Release|Any CPU
		{87FA7C31-C472-4DEE-BF62-75B09E9E39F4}.Debug|Any CPU.ActiveCfg = Debug|Any CPU
		{87FA7C31-C472-4DEE-BF62-75B09E9E39F4}.Debug|Any CPU.Build.0 = Debug|Any CPU
		{87FA7C31-C472-4DEE-BF62-75B09E9E39F4}.Release|Any CPU.ActiveCfg = Release|Any CPU
		{87FA7C31-C472-4DEE-BF62-75B09E9E39F4}.Release|Any CPU.Build.0 = Release|Any CPU
	EndGlobalSection
	GlobalSection(SolutionProperties) = preSolution
		HideSolutionNode = FALSE
	EndGlobalSection
	GlobalSection(ExtensibilityGlobals) = postSolution
		SolutionGuid = {7C3E1D6B-9809-4315-9909-7CF66028312A}
	EndGlobalSection
EndGlobal
